// !$*UTF8*$!
{
	archiveVersion = 1;
	classes = {
	};
	objectVersion = 56;
	objects = {

/* Begin PBXBuildFile section */
		B0351D232993115A00724C5A /* BottleScannerApp.swift in Sources */ = {isa = PBXBuildFile; fileRef = B0351D222993115A00724C5A /* BottleScannerApp.swift */; };
		B0351D252993115A00724C5A /* ContentView.swift in Sources */ = {isa = PBXBuildFile; fileRef = B0351D242993115A00724C5A /* ContentView.swift */; };
		B0351D272993115C00724C5A /* Assets.xcassets in Resources */ = {isa = PBXBuildFile; fileRef = B0351D262993115C00724C5A /* Assets.xcassets */; };
		B0351D2B2993115C00724C5A /* Preview Assets.xcassets in Resources */ = {isa = PBXBuildFile; fileRef = B0351D2A2993115C00724C5A /* Preview Assets.xcassets */; };
		B0351D352993115C00724C5A /* BottleScannerTests.swift in Sources */ = {isa = PBXBuildFile; fileRef = B0351D342993115C00724C5A /* BottleScannerTests.swift */; };
		B0351D3F2993115C00724C5A /* BottleScannerUITests.swift in Sources */ = {isa = PBXBuildFile; fileRef = B0351D3E2993115C00724C5A /* BottleScannerUITests.swift */; };
		B0351D412993115C00724C5A /* BottleScannerUITestsLaunchTests.swift in Sources */ = {isa = PBXBuildFile; fileRef = B0351D402993115C00724C5A /* BottleScannerUITestsLaunchTests.swift */; };
		B0351D4F299313D700724C5A /* drinks.json in Resources */ = {isa = PBXBuildFile; fileRef = B0351D4E299313D700724C5A /* drinks.json */; };
		B0351D522993149800724C5A /* CodeScanner in Frameworks */ = {isa = PBXBuildFile; productRef = B0351D512993149800724C5A /* CodeScanner */; };
		B0351D552993166300724C5A /* BottleData.swift in Sources */ = {isa = PBXBuildFile; fileRef = B0351D542993166300724C5A /* BottleData.swift */; };
		B0351D572993177200724C5A /* viewModelBottles.swift in Sources */ = {isa = PBXBuildFile; fileRef = B0351D562993177200724C5A /* viewModelBottles.swift */; };
		B0351D5929931A9200724C5A /* BottleRow.swift in Sources */ = {isa = PBXBuildFile; fileRef = B0351D5829931A9200724C5A /* BottleRow.swift */; };
		B0351D5C29931FA100724C5A /* AddBottleView.swift in Sources */ = {isa = PBXBuildFile; fileRef = B0351D5B29931FA100724C5A /* AddBottleView.swift */; };
		B0351D5F2993224900724C5A /* BottleDetail.swift in Sources */ = {isa = PBXBuildFile; fileRef = B0351D5E2993224900724C5A /* BottleDetail.swift */; };
/* End PBXBuildFile section */

/* Begin PBXContainerItemProxy section */
		B0351D312993115C00724C5A /* PBXContainerItemProxy */ = {
			isa = PBXContainerItemProxy;
			containerPortal = B0351D172993115A00724C5A /* Project object */;
			proxyType = 1;
			remoteGlobalIDString = B0351D1E2993115A00724C5A;
			remoteInfo = BottleScanner;
		};
		B0351D3B2993115C00724C5A /* PBXContainerItemProxy */ = {
			isa = PBXContainerItemProxy;
			containerPortal = B0351D172993115A00724C5A /* Project object */;
			proxyType = 1;
			remoteGlobalIDString = B0351D1E2993115A00724C5A;
			remoteInfo = BottleScanner;
		};
/* End PBXContainerItemProxy section */

/* Begin PBXFileReference section */
		B0351D1F2993115A00724C5A /* BottleScanner.app */ = {isa = PBXFileReference; explicitFileType = wrapper.application; includeInIndex = 0; path = BottleScanner.app; sourceTree = BUILT_PRODUCTS_DIR; };
		B0351D222993115A00724C5A /* BottleScannerApp.swift */ = {isa = PBXFileReference; lastKnownFileType = sourcecode.swift; path = BottleScannerApp.swift; sourceTree = "<group>"; };
		B0351D242993115A00724C5A /* ContentView.swift */ = {isa = PBXFileReference; lastKnownFileType = sourcecode.swift; path = ContentView.swift; sourceTree = "<group>"; };
		B0351D262993115C00724C5A /* Assets.xcassets */ = {isa = PBXFileReference; lastKnownFileType = folder.assetcatalog; path = Assets.xcassets; sourceTree = "<group>"; };
		B0351D282993115C00724C5A /* BottleScanner.entitlements */ = {isa = PBXFileReference; lastKnownFileType = text.plist.entitlements; path = BottleScanner.entitlements; sourceTree = "<group>"; };
		B0351D2A2993115C00724C5A /* Preview Assets.xcassets */ = {isa = PBXFileReference; lastKnownFileType = folder.assetcatalog; path = "Preview Assets.xcassets"; sourceTree = "<group>"; };
		B0351D302993115C00724C5A /* BottleScannerTests.xctest */ = {isa = PBXFileReference; explicitFileType = wrapper.cfbundle; includeInIndex = 0; path = BottleScannerTests.xctest; sourceTree = BUILT_PRODUCTS_DIR; };
		B0351D342993115C00724C5A /* BottleScannerTests.swift */ = {isa = PBXFileReference; lastKnownFileType = sourcecode.swift; path = BottleScannerTests.swift; sourceTree = "<group>"; };
		B0351D3A2993115C00724C5A /* BottleScannerUITests.xctest */ = {isa = PBXFileReference; explicitFileType = wrapper.cfbundle; includeInIndex = 0; path = BottleScannerUITests.xctest; sourceTree = BUILT_PRODUCTS_DIR; };
		B0351D3E2993115C00724C5A /* BottleScannerUITests.swift */ = {isa = PBXFileReference; lastKnownFileType = sourcecode.swift; path = BottleScannerUITests.swift; sourceTree = "<group>"; };
		B0351D402993115C00724C5A /* BottleScannerUITestsLaunchTests.swift */ = {isa = PBXFileReference; lastKnownFileType = sourcecode.swift; path = BottleScannerUITestsLaunchTests.swift; sourceTree = "<group>"; };
		B0351D4E299313D700724C5A /* drinks.json */ = {isa = PBXFileReference; fileEncoding = 4; lastKnownFileType = text.json; path = drinks.json; sourceTree = "<group>"; };
		B0351D542993166300724C5A /* BottleData.swift */ = {isa = PBXFileReference; lastKnownFileType = sourcecode.swift; path = BottleData.swift; sourceTree = "<group>"; };
		B0351D562993177200724C5A /* viewModelBottles.swift */ = {isa = PBXFileReference; lastKnownFileType = sourcecode.swift; path = viewModelBottles.swift; sourceTree = "<group>"; };
		B0351D5829931A9200724C5A /* BottleRow.swift */ = {isa = PBXFileReference; lastKnownFileType = sourcecode.swift; path = BottleRow.swift; sourceTree = "<group>"; };
		B0351D5A29931BE700724C5A /* Info.plist */ = {isa = PBXFileReference; lastKnownFileType = text.plist; path = Info.plist; sourceTree = "<group>"; };
		B0351D5B29931FA100724C5A /* AddBottleView.swift */ = {isa = PBXFileReference; lastKnownFileType = sourcecode.swift; path = AddBottleView.swift; sourceTree = "<group>"; };
		B0351D5E2993224900724C5A /* BottleDetail.swift */ = {isa = PBXFileReference; lastKnownFileType = sourcecode.swift; path = BottleDetail.swift; sourceTree = "<group>"; };
/* End PBXFileReference section */

/* Begin PBXFrameworksBuildPhase section */
		B0351D1C2993115A00724C5A /* Frameworks */ = {
			isa = PBXFrameworksBuildPhase;
			buildActionMask = 2147483647;
			files = (
				B0351D522993149800724C5A /* CodeScanner in Frameworks */,
			);
			runOnlyForDeploymentPostprocessing = 0;
		};
		B0351D2D2993115C00724C5A /* Frameworks */ = {
			isa = PBXFrameworksBuildPhase;
			buildActionMask = 2147483647;
			files = (
			);
			runOnlyForDeploymentPostprocessing = 0;
		};
		B0351D372993115C00724C5A /* Frameworks */ = {
			isa = PBXFrameworksBuildPhase;
			buildActionMask = 2147483647;
			files = (
			);
			runOnlyForDeploymentPostprocessing = 0;
		};
/* End PBXFrameworksBuildPhase section */

/* Begin PBXGroup section */
		B0351D162993115A00724C5A = {
			isa = PBXGroup;
			children = (
				B0351D212993115A00724C5A /* BottleScanner */,
				B0351D332993115C00724C5A /* BottleScannerTests */,
				B0351D3D2993115C00724C5A /* BottleScannerUITests */,
				B0351D202993115A00724C5A /* Products */,
			);
			sourceTree = "<group>";
		};
		B0351D202993115A00724C5A /* Products */ = {
			isa = PBXGroup;
			children = (
				B0351D1F2993115A00724C5A /* BottleScanner.app */,
				B0351D302993115C00724C5A /* BottleScannerTests.xctest */,
				B0351D3A2993115C00724C5A /* BottleScannerUITests.xctest */,
			);
			name = Products;
			sourceTree = "<group>";
		};
		B0351D212993115A00724C5A /* BottleScanner */ = {
			isa = PBXGroup;
			children = (
				B0351D5A29931BE700724C5A /* Info.plist */,
				B0351D222993115A00724C5A /* BottleScannerApp.swift */,
				B0351D242993115A00724C5A /* ContentView.swift */,
				B0351D532993164200724C5A /* ViewModel */,
				B0351D4D299311B800724C5A /* Data */,
				B0351D5D2993223000724C5A /* Views */,
				B0351D262993115C00724C5A /* Assets.xcassets */,
				B0351D282993115C00724C5A /* BottleScanner.entitlements */,
				B0351D292993115C00724C5A /* Preview Content */,
			);
			path = BottleScanner;
			sourceTree = "<group>";
		};
		B0351D292993115C00724C5A /* Preview Content */ = {
			isa = PBXGroup;
			children = (
				B0351D2A2993115C00724C5A /* Preview Assets.xcassets */,
			);
			path = "Preview Content";
			sourceTree = "<group>";
		};
		B0351D332993115C00724C5A /* BottleScannerTests */ = {
			isa = PBXGroup;
			children = (
				B0351D342993115C00724C5A /* BottleScannerTests.swift */,
			);
			path = BottleScannerTests;
			sourceTree = "<group>";
		};
		B0351D3D2993115C00724C5A /* BottleScannerUITests */ = {
			isa = PBXGroup;
			children = (
				B0351D3E2993115C00724C5A /* BottleScannerUITests.swift */,
				B0351D402993115C00724C5A /* BottleScannerUITestsLaunchTests.swift */,
			);
			path = BottleScannerUITests;
			sourceTree = "<group>";
		};
		B0351D4D299311B800724C5A /* Data */ = {
			isa = PBXGroup;
			children = (
				B0351D4E299313D700724C5A /* drinks.json */,
			);
			path = Data;
			sourceTree = "<group>";
		};
		B0351D532993164200724C5A /* ViewModel */ = {
			isa = PBXGroup;
			children = (
				B0351D542993166300724C5A /* BottleData.swift */,
				B0351D562993177200724C5A /* viewModelBottles.swift */,
			);
			path = ViewModel;
			sourceTree = "<group>";
		};
		B0351D5D2993223000724C5A /* Views */ = {
			isa = PBXGroup;
			children = (
				B0351D5B29931FA100724C5A /* AddBottleView.swift */,
				B0351D5829931A9200724C5A /* BottleRow.swift */,
				B0351D5E2993224900724C5A /* BottleDetail.swift */,
			);
			path = Views;
			sourceTree = "<group>";
		};
/* End PBXGroup section */

/* Begin PBXNativeTarget section */
		B0351D1E2993115A00724C5A /* BottleScanner */ = {
			isa = PBXNativeTarget;
			buildConfigurationList = B0351D442993115C00724C5A /* Build configuration list for PBXNativeTarget "BottleScanner" */;
			buildPhases = (
				B0351D1B2993115A00724C5A /* Sources */,
				B0351D1C2993115A00724C5A /* Frameworks */,
				B0351D1D2993115A00724C5A /* Resources */,
			);
			buildRules = (
			);
			dependencies = (
			);
			name = BottleScanner;
			packageProductDependencies = (
				B0351D512993149800724C5A /* CodeScanner */,
			);
			productName = BottleScanner;
			productReference = B0351D1F2993115A00724C5A /* BottleScanner.app */;
			productType = "com.apple.product-type.application";
		};
		B0351D2F2993115C00724C5A /* BottleScannerTests */ = {
			isa = PBXNativeTarget;
			buildConfigurationList = B0351D472993115C00724C5A /* Build configuration list for PBXNativeTarget "BottleScannerTests" */;
			buildPhases = (
				B0351D2C2993115C00724C5A /* Sources */,
				B0351D2D2993115C00724C5A /* Frameworks */,
				B0351D2E2993115C00724C5A /* Resources */,
			);
			buildRules = (
			);
			dependencies = (
				B0351D322993115C00724C5A /* PBXTargetDependency */,
			);
			name = BottleScannerTests;
			productName = BottleScannerTests;
			productReference = B0351D302993115C00724C5A /* BottleScannerTests.xctest */;
			productType = "com.apple.product-type.bundle.unit-test";
		};
		B0351D392993115C00724C5A /* BottleScannerUITests */ = {
			isa = PBXNativeTarget;
			buildConfigurationList = B0351D4A2993115C00724C5A /* Build configuration list for PBXNativeTarget "BottleScannerUITests" */;
			buildPhases = (
				B0351D362993115C00724C5A /* Sources */,
				B0351D372993115C00724C5A /* Frameworks */,
				B0351D382993115C00724C5A /* Resources */,
			);
			buildRules = (
			);
			dependencies = (
				B0351D3C2993115C00724C5A /* PBXTargetDependency */,
			);
			name = BottleScannerUITests;
			productName = BottleScannerUITests;
			productReference = B0351D3A2993115C00724C5A /* BottleScannerUITests.xctest */;
			productType = "com.apple.product-type.bundle.ui-testing";
		};
/* End PBXNativeTarget section */

/* Begin PBXProject section */
		B0351D172993115A00724C5A /* Project object */ = {
			isa = PBXProject;
			attributes = {
				BuildIndependentTargetsInParallel = 1;
				LastSwiftUpdateCheck = 1420;
				LastUpgradeCheck = 1420;
				TargetAttributes = {
					B0351D1E2993115A00724C5A = {
						CreatedOnToolsVersion = 14.2;
					};
					B0351D2F2993115C00724C5A = {
						CreatedOnToolsVersion = 14.2;
						TestTargetID = B0351D1E2993115A00724C5A;
					};
					B0351D392993115C00724C5A = {
						CreatedOnToolsVersion = 14.2;
						TestTargetID = B0351D1E2993115A00724C5A;
					};
				};
			};
			buildConfigurationList = B0351D1A2993115A00724C5A /* Build configuration list for PBXProject "BottleScanner" */;
			compatibilityVersion = "Xcode 14.0";
			developmentRegion = en;
			hasScannedForEncodings = 0;
			knownRegions = (
				en,
				Base,
			);
			mainGroup = B0351D162993115A00724C5A;
			packageReferences = (
				B0351D502993149800724C5A /* XCRemoteSwiftPackageReference "CodeScanner" */,
			);
			productRefGroup = B0351D202993115A00724C5A /* Products */;
			projectDirPath = "";
			projectRoot = "";
			targets = (
				B0351D1E2993115A00724C5A /* BottleScanner */,
				B0351D2F2993115C00724C5A /* BottleScannerTests */,
				B0351D392993115C00724C5A /* BottleScannerUITests */,
			);
		};
/* End PBXProject section */

/* Begin PBXResourcesBuildPhase section */
		B0351D1D2993115A00724C5A /* Resources */ = {
			isa = PBXResourcesBuildPhase;
			buildActionMask = 2147483647;
			files = (
				B0351D2B2993115C00724C5A /* Preview Assets.xcassets in Resources */,
				B0351D272993115C00724C5A /* Assets.xcassets in Resources */,
				B0351D4F299313D700724C5A /* drinks.json in Resources */,
			);
			runOnlyForDeploymentPostprocessing = 0;
		};
		B0351D2E2993115C00724C5A /* Resources */ = {
			isa = PBXResourcesBuildPhase;
			buildActionMask = 2147483647;
			files = (
			);
			runOnlyForDeploymentPostprocessing = 0;
		};
		B0351D382993115C00724C5A /* Resources */ = {
			isa = PBXResourcesBuildPhase;
			buildActionMask = 2147483647;
			files = (
			);
			runOnlyForDeploymentPostprocessing = 0;
		};
/* End PBXResourcesBuildPhase section */

/* Begin PBXSourcesBuildPhase section */
		B0351D1B2993115A00724C5A /* Sources */ = {
			isa = PBXSourcesBuildPhase;
			buildActionMask = 2147483647;
			files = (
				B0351D552993166300724C5A /* BottleData.swift in Sources */,
				B0351D252993115A00724C5A /* ContentView.swift in Sources */,
				B0351D5C29931FA100724C5A /* AddBottleView.swift in Sources */,
				B0351D572993177200724C5A /* viewModelBottles.swift in Sources */,
				B0351D232993115A00724C5A /* BottleScannerApp.swift in Sources */,
				B0351D5F2993224900724C5A /* BottleDetail.swift in Sources */,
				B0351D5929931A9200724C5A /* BottleRow.swift in Sources */,
			);
			runOnlyForDeploymentPostprocessing = 0;
		};
		B0351D2C2993115C00724C5A /* Sources */ = {
			isa = PBXSourcesBuildPhase;
			buildActionMask = 2147483647;
			files = (
				B0351D352993115C00724C5A /* BottleScannerTests.swift in Sources */,
			);
			runOnlyForDeploymentPostprocessing = 0;
		};
		B0351D362993115C00724C5A /* Sources */ = {
			isa = PBXSourcesBuildPhase;
			buildActionMask = 2147483647;
			files = (
				B0351D3F2993115C00724C5A /* BottleScannerUITests.swift in Sources */,
				B0351D412993115C00724C5A /* BottleScannerUITestsLaunchTests.swift in Sources */,
			);
			runOnlyForDeploymentPostprocessing = 0;
		};
/* End PBXSourcesBuildPhase section */

/* Begin PBXTargetDependency section */
		B0351D322993115C00724C5A /* PBXTargetDependency */ = {
			isa = PBXTargetDependency;
			target = B0351D1E2993115A00724C5A /* BottleScanner */;
			targetProxy = B0351D312993115C00724C5A /* PBXContainerItemProxy */;
		};
		B0351D3C2993115C00724C5A /* PBXTargetDependency */ = {
			isa = PBXTargetDependency;
			target = B0351D1E2993115A00724C5A /* BottleScanner */;
			targetProxy = B0351D3B2993115C00724C5A /* PBXContainerItemProxy */;
		};
/* End PBXTargetDependency section */

/* Begin XCBuildConfiguration section */
		B0351D422993115C00724C5A /* Debug */ = {
			isa = XCBuildConfiguration;
			buildSettings = {
				ALWAYS_SEARCH_USER_PATHS = NO;
				CLANG_ANALYZER_NONNULL = YES;
				CLANG_ANALYZER_NUMBER_OBJECT_CONVERSION = YES_AGGRESSIVE;
				CLANG_CXX_LANGUAGE_STANDARD = "gnu++20";
				CLANG_ENABLE_MODULES = YES;
				CLANG_ENABLE_OBJC_ARC = YES;
				CLANG_ENABLE_OBJC_WEAK = YES;
				CLANG_WARN_BLOCK_CAPTURE_AUTORELEASING = YES;
				CLANG_WARN_BOOL_CONVERSION = YES;
				CLANG_WARN_COMMA = YES;
				CLANG_WARN_CONSTANT_CONVERSION = YES;
				CLANG_WARN_DEPRECATED_OBJC_IMPLEMENTATIONS = YES;
				CLANG_WARN_DIRECT_OBJC_ISA_USAGE = YES_ERROR;
				CLANG_WARN_DOCUMENTATION_COMMENTS = YES;
				CLANG_WARN_EMPTY_BODY = YES;
				CLANG_WARN_ENUM_CONVERSION = YES;
				CLANG_WARN_INFINITE_RECURSION = YES;
				CLANG_WARN_INT_CONVERSION = YES;
				CLANG_WARN_NON_LITERAL_NULL_CONVERSION = YES;
				CLANG_WARN_OBJC_IMPLICIT_RETAIN_SELF = YES;
				CLANG_WARN_OBJC_LITERAL_CONVERSION = YES;
				CLANG_WARN_OBJC_ROOT_CLASS = YES_ERROR;
				CLANG_WARN_QUOTED_INCLUDE_IN_FRAMEWORK_HEADER = YES;
				CLANG_WARN_RANGE_LOOP_ANALYSIS = YES;
				CLANG_WARN_STRICT_PROTOTYPES = YES;
				CLANG_WARN_SUSPICIOUS_MOVE = YES;
				CLANG_WARN_UNGUARDED_AVAILABILITY = YES_AGGRESSIVE;
				CLANG_WARN_UNREACHABLE_CODE = YES;
				CLANG_WARN__DUPLICATE_METHOD_MATCH = YES;
				COPY_PHASE_STRIP = NO;
				DEBUG_INFORMATION_FORMAT = dwarf;
				ENABLE_STRICT_OBJC_MSGSEND = YES;
				ENABLE_TESTABILITY = YES;
				GCC_C_LANGUAGE_STANDARD = gnu11;
				GCC_DYNAMIC_NO_PIC = NO;
				GCC_NO_COMMON_BLOCKS = YES;
				GCC_OPTIMIZATION_LEVEL = 0;
				GCC_PREPROCESSOR_DEFINITIONS = (
					"DEBUG=1",
					"$(inherited)",
				);
				GCC_WARN_64_TO_32_BIT_CONVERSION = YES;
				GCC_WARN_ABOUT_RETURN_TYPE = YES_ERROR;
				GCC_WARN_UNDECLARED_SELECTOR = YES;
				GCC_WARN_UNINITIALIZED_AUTOS = YES_AGGRESSIVE;
				GCC_WARN_UNUSED_FUNCTION = YES;
				GCC_WARN_UNUSED_VARIABLE = YES;
				MTL_ENABLE_DEBUG_INFO = INCLUDE_SOURCE;
				MTL_FAST_MATH = YES;
				ONLY_ACTIVE_ARCH = YES;
				SWIFT_ACTIVE_COMPILATION_CONDITIONS = DEBUG;
				SWIFT_OPTIMIZATION_LEVEL = "-Onone";
			};
			name = Debug;
		};
		B0351D432993115C00724C5A /* Release */ = {
			isa = XCBuildConfiguration;
			buildSettings = {
				ALWAYS_SEARCH_USER_PATHS = NO;
				CLANG_ANALYZER_NONNULL = YES;
				CLANG_ANALYZER_NUMBER_OBJECT_CONVERSION = YES_AGGRESSIVE;
				CLANG_CXX_LANGUAGE_STANDARD = "gnu++20";
				CLANG_ENABLE_MODULES = YES;
				CLANG_ENABLE_OBJC_ARC = YES;
				CLANG_ENABLE_OBJC_WEAK = YES;
				CLANG_WARN_BLOCK_CAPTURE_AUTORELEASING = YES;
				CLANG_WARN_BOOL_CONVERSION = YES;
				CLANG_WARN_COMMA = YES;
				CLANG_WARN_CONSTANT_CONVERSION = YES;
				CLANG_WARN_DEPRECATED_OBJC_IMPLEMENTATIONS = YES;
				CLANG_WARN_DIRECT_OBJC_ISA_USAGE = YES_ERROR;
				CLANG_WARN_DOCUMENTATION_COMMENTS = YES;
				CLANG_WARN_EMPTY_BODY = YES;
				CLANG_WARN_ENUM_CONVERSION = YES;
				CLANG_WARN_INFINITE_RECURSION = YES;
				CLANG_WARN_INT_CONVERSION = YES;
				CLANG_WARN_NON_LITERAL_NULL_CONVERSION = YES;
				CLANG_WARN_OBJC_IMPLICIT_RETAIN_SELF = YES;
				CLANG_WARN_OBJC_LITERAL_CONVERSION = YES;
				CLANG_WARN_OBJC_ROOT_CLASS = YES_ERROR;
				CLANG_WARN_QUOTED_INCLUDE_IN_FRAMEWORK_HEADER = YES;
				CLANG_WARN_RANGE_LOOP_ANALYSIS = YES;
				CLANG_WARN_STRICT_PROTOTYPES = YES;
				CLANG_WARN_SUSPICIOUS_MOVE = YES;
				CLANG_WARN_UNGUARDED_AVAILABILITY = YES_AGGRESSIVE;
				CLANG_WARN_UNREACHABLE_CODE = YES;
				CLANG_WARN__DUPLICATE_METHOD_MATCH = YES;
				COPY_PHASE_STRIP = NO;
				DEBUG_INFORMATION_FORMAT = "dwarf-with-dsym";
				ENABLE_NS_ASSERTIONS = NO;
				ENABLE_STRICT_OBJC_MSGSEND = YES;
				GCC_C_LANGUAGE_STANDARD = gnu11;
				GCC_NO_COMMON_BLOCKS = YES;
				GCC_WARN_64_TO_32_BIT_CONVERSION = YES;
				GCC_WARN_ABOUT_RETURN_TYPE = YES_ERROR;
				GCC_WARN_UNDECLARED_SELECTOR = YES;
				GCC_WARN_UNINITIALIZED_AUTOS = YES_AGGRESSIVE;
				GCC_WARN_UNUSED_FUNCTION = YES;
				GCC_WARN_UNUSED_VARIABLE = YES;
				MTL_ENABLE_DEBUG_INFO = NO;
				MTL_FAST_MATH = YES;
				SWIFT_COMPILATION_MODE = wholemodule;
				SWIFT_OPTIMIZATION_LEVEL = "-O";
			};
			name = Release;
		};
		B0351D452993115C00724C5A /* Debug */ = {
			isa = XCBuildConfiguration;
			buildSettings = {
				ASSETCATALOG_COMPILER_APPICON_NAME = AppIcon;
				ASSETCATALOG_COMPILER_GLOBAL_ACCENT_COLOR_NAME = AccentColor;
				CODE_SIGN_ENTITLEMENTS = BottleScanner/BottleScanner.entitlements;
				CODE_SIGN_STYLE = Automatic;
				CURRENT_PROJECT_VERSION = 1;
				DEVELOPMENT_ASSET_PATHS = "\"BottleScanner/Preview Content\"";
				DEVELOPMENT_TEAM = F7H3HU558Q;
				ENABLE_HARDENED_RUNTIME = YES;
				ENABLE_PREVIEWS = YES;
				GENERATE_INFOPLIST_FILE = YES;
				INFOPLIST_FILE = BottleScanner/Info.plist;
				INFOPLIST_KEY_NSCameraUsageDescription = "BottleScanner needs access to your camera for scanning bottles only.";
				"INFOPLIST_KEY_UIApplicationSceneManifest_Generation[sdk=iphoneos*]" = YES;
				"INFOPLIST_KEY_UIApplicationSceneManifest_Generation[sdk=iphonesimulator*]" = YES;
				"INFOPLIST_KEY_UIApplicationSupportsIndirectInputEvents[sdk=iphoneos*]" = YES;
				"INFOPLIST_KEY_UIApplicationSupportsIndirectInputEvents[sdk=iphonesimulator*]" = YES;
				"INFOPLIST_KEY_UILaunchScreen_Generation[sdk=iphoneos*]" = YES;
				"INFOPLIST_KEY_UILaunchScreen_Generation[sdk=iphonesimulator*]" = YES;
				"INFOPLIST_KEY_UIStatusBarStyle[sdk=iphoneos*]" = UIStatusBarStyleDefault;
				"INFOPLIST_KEY_UIStatusBarStyle[sdk=iphonesimulator*]" = UIStatusBarStyleDefault;
				INFOPLIST_KEY_UISupportedInterfaceOrientations_iPad = "UIInterfaceOrientationPortrait UIInterfaceOrientationPortraitUpsideDown UIInterfaceOrientationLandscapeLeft UIInterfaceOrientationLandscapeRight";
				INFOPLIST_KEY_UISupportedInterfaceOrientations_iPhone = "UIInterfaceOrientationPortrait UIInterfaceOrientationLandscapeLeft UIInterfaceOrientationLandscapeRight";
				IPHONEOS_DEPLOYMENT_TARGET = 16.2;
				LD_RUNPATH_SEARCH_PATHS = "@executable_path/Frameworks";
				"LD_RUNPATH_SEARCH_PATHS[sdk=macosx*]" = "@executable_path/../Frameworks";
				MACOSX_DEPLOYMENT_TARGET = 13.1;
				MARKETING_VERSION = 1.0;
				PRODUCT_BUNDLE_IDENTIFIER = com.virgilsoftware.BottleScanner;
				PRODUCT_NAME = "$(TARGET_NAME)";
				SDKROOT = auto;
				SUPPORTED_PLATFORMS = "iphoneos iphonesimulator macosx";
				SWIFT_EMIT_LOC_STRINGS = YES;
				SWIFT_VERSION = 5.0;
				TARGETED_DEVICE_FAMILY = "1,2";
			};
			name = Debug;
		};
		B0351D462993115C00724C5A /* Release */ = {
			isa = XCBuildConfiguration;
			buildSettings = {
				ASSETCATALOG_COMPILER_APPICON_NAME = AppIcon;
				ASSETCATALOG_COMPILER_GLOBAL_ACCENT_COLOR_NAME = AccentColor;
				CODE_SIGN_ENTITLEMENTS = BottleScanner/BottleScanner.entitlements;
				CODE_SIGN_STYLE = Automatic;
				CURRENT_PROJECT_VERSION = 1;
				DEVELOPMENT_ASSET_PATHS = "\"BottleScanner/Preview Content\"";
				DEVELOPMENT_TEAM = F7H3HU558Q;
				ENABLE_HARDENED_RUNTIME = YES;
				ENABLE_PREVIEWS = YES;
				GENERATE_INFOPLIST_FILE = YES;
				INFOPLIST_FILE = BottleScanner/Info.plist;
				INFOPLIST_KEY_NSCameraUsageDescription = "BottleScanner needs access to your camera for scanning bottles only.";
				"INFOPLIST_KEY_UIApplicationSceneManifest_Generation[sdk=iphoneos*]" = YES;
				"INFOPLIST_KEY_UIApplicationSceneManifest_Generation[sdk=iphonesimulator*]" = YES;
				"INFOPLIST_KEY_UIApplicationSupportsIndirectInputEvents[sdk=iphoneos*]" = YES;
				"INFOPLIST_KEY_UIApplicationSupportsIndirectInputEvents[sdk=iphonesimulator*]" = YES;
				"INFOPLIST_KEY_UILaunchScreen_Generation[sdk=iphoneos*]" = YES;
				"INFOPLIST_KEY_UILaunchScreen_Generation[sdk=iphonesimulator*]" = YES;
				"INFOPLIST_KEY_UIStatusBarStyle[sdk=iphoneos*]" = UIStatusBarStyleDefault;
				"INFOPLIST_KEY_UIStatusBarStyle[sdk=iphonesimulator*]" = UIStatusBarStyleDefault;
				INFOPLIST_KEY_UISupportedInterfaceOrientations_iPad = "UIInterfaceOrientationPortrait UIInterfaceOrientationPortraitUpsideDown UIInterfaceOrientationLandscapeLeft UIInterfaceOrientationLandscapeRight";
				INFOPLIST_KEY_UISupportedInterfaceOrientations_iPhone = "UIInterfaceOrientationPortrait UIInterfaceOrientationLandscapeLeft UIInterfaceOrientationLandscapeRight";
				IPHONEOS_DEPLOYMENT_TARGET = 16.2;
				LD_RUNPATH_SEARCH_PATHS = "@executable_path/Frameworks";
				"LD_RUNPATH_SEARCH_PATHS[sdk=macosx*]" = "@executable_path/../Frameworks";
				MACOSX_DEPLOYMENT_TARGET = 13.1;
				MARKETING_VERSION = 1.0;
				PRODUCT_BUNDLE_IDENTIFIER = com.virgilsoftware.BottleScanner;
				PRODUCT_NAME = "$(TARGET_NAME)";
				SDKROOT = auto;
				SUPPORTED_PLATFORMS = "iphoneos iphonesimulator macosx";
				SWIFT_EMIT_LOC_STRINGS = YES;
				SWIFT_VERSION = 5.0;
				TARGETED_DEVICE_FAMILY = "1,2";
			};
			name = Release;
		};
		B0351D482993115C00724C5A /* Debug */ = {
			isa = XCBuildConfiguration;
			buildSettings = {
				ALWAYS_EMBED_SWIFT_STANDARD_LIBRARIES = YES;
				BUNDLE_LOADER = "$(TEST_HOST)";
				CODE_SIGN_STYLE = Automatic;
				CURRENT_PROJECT_VERSION = 1;
				DEVELOPMENT_TEAM = F7H3HU558Q;
				GENERATE_INFOPLIST_FILE = YES;
				IPHONEOS_DEPLOYMENT_TARGET = 16.2;
				MACOSX_DEPLOYMENT_TARGET = 13.1;
				MARKETING_VERSION = 1.0;
				PRODUCT_BUNDLE_IDENTIFIER = com.virgilsoftware.BottleScannerTests;
				PRODUCT_NAME = "$(TARGET_NAME)";
				SDKROOT = auto;
				SUPPORTED_PLATFORMS = "iphoneos iphonesimulator macosx";
				SWIFT_EMIT_LOC_STRINGS = NO;
				SWIFT_VERSION = 5.0;
				TARGETED_DEVICE_FAMILY = "1,2";
				TEST_HOST = "$(BUILT_PRODUCTS_DIR)/BottleScanner.app/$(BUNDLE_EXECUTABLE_FOLDER_PATH)/BottleScanner";
			};
			name = Debug;
		};
		B0351D492993115C00724C5A /* Release */ = {
			isa = XCBuildConfiguration;
			buildSettings = {
				ALWAYS_EMBED_SWIFT_STANDARD_LIBRARIES = YES;
				BUNDLE_LOADER = "$(TEST_HOST)";
				CODE_SIGN_STYLE = Automatic;
				CURRENT_PROJECT_VERSION = 1;
				DEVELOPMENT_TEAM = F7H3HU558Q;
				GENERATE_INFOPLIST_FILE = YES;
				IPHONEOS_DEPLOYMENT_TARGET = 16.2;
				MACOSX_DEPLOYMENT_TARGET = 13.1;
				MARKETING_VERSION = 1.0;
				PRODUCT_BUNDLE_IDENTIFIER = com.virgilsoftware.BottleScannerTests;
				PRODUCT_NAME = "$(TARGET_NAME)";
				SDKROOT = auto;
				SUPPORTED_PLATFORMS = "iphoneos iphonesimulator macosx";
				SWIFT_EMIT_LOC_STRINGS = NO;
				SWIFT_VERSION = 5.0;
				TARGETED_DEVICE_FAMILY = "1,2";
				TEST_HOST = "$(BUILT_PRODUCTS_DIR)/BottleScanner.app/$(BUNDLE_EXECUTABLE_FOLDER_PATH)/BottleScanner";
			};
			name = Release;
		};
		B0351D4B2993115C00724C5A /* Debug */ = {
			isa = XCBuildConfiguration;
			buildSettings = {
				ALWAYS_EMBED_SWIFT_STANDARD_LIBRARIES = YES;
				CODE_SIGN_STYLE = Automatic;
				CURRENT_PROJECT_VERSION = 1;
				DEVELOPMENT_TEAM = F7H3HU558Q;
				GENERATE_INFOPLIST_FILE = YES;
				IPHONEOS_DEPLOYMENT_TARGET = 16.2;
				MACOSX_DEPLOYMENT_TARGET = 13.1;
				MARKETING_VERSION = 1.0;
				PRODUCT_BUNDLE_IDENTIFIER = com.virgilsoftware.BottleScannerUITests;
				PRODUCT_NAME = "$(TARGET_NAME)";
				SDKROOT = auto;
				SUPPORTED_PLATFORMS = "iphoneos iphonesimulator macosx";
				SWIFT_EMIT_LOC_STRINGS = NO;
				SWIFT_VERSION = 5.0;
				TARGETED_DEVICE_FAMILY = "1,2";
				TEST_TARGET_NAME = BottleScanner;
			};
			name = Debug;
		};
		B0351D4C2993115C00724C5A /* Release */ = {
			isa = XCBuildConfiguration;
			buildSettings = {
				ALWAYS_EMBED_SWIFT_STANDARD_LIBRARIES = YES;
				CODE_SIGN_STYLE = Automatic;
				CURRENT_PROJECT_VERSION = 1;
				DEVELOPMENT_TEAM = F7H3HU558Q;
				GENERATE_INFOPLIST_FILE = YES;
				IPHONEOS_DEPLOYMENT_TARGET = 16.2;
				MACOSX_DEPLOYMENT_TARGET = 13.1;
				MARKETING_VERSION = 1.0;
				PRODUCT_BUNDLE_IDENTIFIER = com.virgilsoftware.BottleScannerUITests;
				PRODUCT_NAME = "$(TARGET_NAME)";
				SDKROOT = auto;
				SUPPORTED_PLATFORMS = "iphoneos iphonesimulator macosx";
				SWIFT_EMIT_LOC_STRINGS = NO;
				SWIFT_VERSION = 5.0;
				TARGETED_DEVICE_FAMILY = "1,2";
				TEST_TARGET_NAME = BottleScanner;
			};
			name = Release;
		};
/* End XCBuildConfiguration section */

/* Begin XCConfigurationList section */
		B0351D1A2993115A00724C5A /* Build configuration list for PBXProject "BottleScanner" */ = {
			isa = XCConfigurationList;
			buildConfigurations = (
				B0351D422993115C00724C5A /* Debug */,
				B0351D432993115C00724C5A /* Release */,
			);
			defaultConfigurationIsVisible = 0;
			defaultConfigurationName = Release;
		};
		B0351D442993115C00724C5A /* Build configuration list for PBXNativeTarget "BottleScanner" */ = {
			isa = XCConfigurationList;
			buildConfigurations = (
				B0351D452993115C00724C5A /* Debug */,
				B0351D462993115C00724C5A /* Release */,
			);
			defaultConfigurationIsVisible = 0;
			defaultConfigurationName = Release;
		};
		B0351D472993115C00724C5A /* Build configuration list for PBXNativeTarget "BottleScannerTests" */ = {
			isa = XCConfigurationList;
			buildConfigurations = (
				B0351D482993115C00724C5A /* Debug */,
				B0351D492993115C00724C5A /* Release */,
			);
			defaultConfigurationIsVisible = 0;
			defaultConfigurationName = Release;
		};
		B0351D4A2993115C00724C5A /* Build configuration list for PBXNativeTarget "BottleScannerUITests" */ = {
			isa = XCConfigurationList;
			buildConfigurations = (
				B0351D4B2993115C00724C5A /* Debug */,
				B0351D4C2993115C00724C5A /* Release */,
			);
			defaultConfigurationIsVisible = 0;
			defaultConfigurationName = Release;
		};
/* End XCConfigurationList section */

/* Begin XCRemoteSwiftPackageReference section */
		B0351D502993149800724C5A /* XCRemoteSwiftPackageReference "CodeScanner" */ = {
			isa = XCRemoteSwiftPackageReference;
			repositoryURL = "https://github.com/twostraws/CodeScanner.git";
			requirement = {
				kind = upToNextMajorVersion;
				minimumVersion = 2.0.0;
			};
		};
/* End XCRemoteSwiftPackageReference section */

/* Begin XCSwiftPackageProductDependency section */
		B0351D512993149800724C5A /* CodeScanner */ = {
			isa = XCSwiftPackageProductDependency;
			package = B0351D502993149800724C5A /* XCRemoteSwiftPackageReference "CodeScanner" */;
			productName = CodeScanner;
		};
/* End XCSwiftPackageProductDependency section */
	};
	rootObject = B0351D172993115A00724C5A /* Project object */;
}
